// !$*UTF8*$!
{
	archiveVersion = 1;
	classes = {
	};
	objectVersion = 55;
	objects = {

/* Begin PBXBuildFile section */
		6705DFE828CAD5240072DE94 /* TaskManager.swift in Sources */ = {isa = PBXBuildFile; fileRef = 6705DFE728CAD5240072DE94 /* TaskManager.swift */; };
		6705DFEC28CAD82E0072DE94 /* ActivityData.swift in Sources */ = {isa = PBXBuildFile; fileRef = 6705DFEB28CAD82E0072DE94 /* ActivityData.swift */; };
		67D25F5928C84AF300F24E27 /* HomeViewController.swift in Sources */ = {isa = PBXBuildFile; fileRef = 67D25F5828C84AF300F24E27 /* HomeViewController.swift */; };
		B442F6E328C7DC3800ED8EBA /* AppDelegate.swift in Sources */ = {isa = PBXBuildFile; fileRef = B442F6E228C7DC3800ED8EBA /* AppDelegate.swift */; };
		B442F6E528C7DC3800ED8EBA /* SceneDelegate.swift in Sources */ = {isa = PBXBuildFile; fileRef = B442F6E428C7DC3800ED8EBA /* SceneDelegate.swift */; };
		B442F6EC28C7DC3B00ED8EBA /* Assets.xcassets in Resources */ = {isa = PBXBuildFile; fileRef = B442F6EB28C7DC3B00ED8EBA /* Assets.xcassets */; };
		B442F6EF28C7DC3B00ED8EBA /* LaunchScreen.storyboard in Resources */ = {isa = PBXBuildFile; fileRef = B442F6ED28C7DC3B00ED8EBA /* LaunchScreen.storyboard */; };
		B442F6FA28C7DC3B00ED8EBA /* Integrador_iOSTests.swift in Sources */ = {isa = PBXBuildFile; fileRef = B442F6F928C7DC3B00ED8EBA /* Integrador_iOSTests.swift */; };
		B442F70428C7DC3B00ED8EBA /* Integrador_iOSUITests.swift in Sources */ = {isa = PBXBuildFile; fileRef = B442F70328C7DC3B00ED8EBA /* Integrador_iOSUITests.swift */; };
		B442F70628C7DC3B00ED8EBA /* Integrador_iOSUITestsLaunchTests.swift in Sources */ = {isa = PBXBuildFile; fileRef = B442F70528C7DC3B00ED8EBA /* Integrador_iOSUITestsLaunchTests.swift */; };
		B44D338128CA9615008B1644 /* ActivityViewController.swift in Sources */ = {isa = PBXBuildFile; fileRef = B44D338028CA9615008B1644 /* ActivityViewController.swift */; };
		B44D338328CA9630008B1644 /* ActivityCellView.swift in Sources */ = {isa = PBXBuildFile; fileRef = B44D338228CA9630008B1644 /* ActivityCellView.swift */; };
		B44D338528CA964D008B1644 /* Activity.swift in Sources */ = {isa = PBXBuildFile; fileRef = B44D338428CA964D008B1644 /* Activity.swift */; };
		CC047ED728C8168A006EFB94 /* SuggestionViewController.swift in Sources */ = {isa = PBXBuildFile; fileRef = CC047ED628C81689006EFB94 /* SuggestionViewController.swift */; };
		CC047ED928C816A4006EFB94 /* SuggestionView.swift in Sources */ = {isa = PBXBuildFile; fileRef = CC047ED828C816A4006EFB94 /* SuggestionView.swift */; };
		CCDD907828CA7A08001492CA /* TermsViewController.swift in Sources */ = {isa = PBXBuildFile; fileRef = CCDD907728CA7A08001492CA /* TermsViewController.swift */; };
/* End PBXBuildFile section */

/* Begin PBXContainerItemProxy section */
		B442F6F628C7DC3B00ED8EBA /* PBXContainerItemProxy */ = {
			isa = PBXContainerItemProxy;
			containerPortal = B442F6D728C7DC3800ED8EBA /* Project object */;
			proxyType = 1;
			remoteGlobalIDString = B442F6DE28C7DC3800ED8EBA;
			remoteInfo = "Integrador-iOS";
		};
		B442F70028C7DC3B00ED8EBA /* PBXContainerItemProxy */ = {
			isa = PBXContainerItemProxy;
			containerPortal = B442F6D728C7DC3800ED8EBA /* Project object */;
			proxyType = 1;
			remoteGlobalIDString = B442F6DE28C7DC3800ED8EBA;
			remoteInfo = "Integrador-iOS";
		};
/* End PBXContainerItemProxy section */

/* Begin PBXFileReference section */
		6705DFE728CAD5240072DE94 /* TaskManager.swift */ = {isa = PBXFileReference; lastKnownFileType = sourcecode.swift; path = TaskManager.swift; sourceTree = "<group>"; };
		6705DFEB28CAD82E0072DE94 /* ActivityData.swift */ = {isa = PBXFileReference; lastKnownFileType = sourcecode.swift; path = ActivityData.swift; sourceTree = "<group>"; };
		67D25F5828C84AF300F24E27 /* HomeViewController.swift */ = {isa = PBXFileReference; lastKnownFileType = sourcecode.swift; path = HomeViewController.swift; sourceTree = "<group>"; };
		B442F6DF28C7DC3800ED8EBA /* Integrador-iOS.app */ = {isa = PBXFileReference; explicitFileType = wrapper.application; includeInIndex = 0; path = "Integrador-iOS.app"; sourceTree = BUILT_PRODUCTS_DIR; };
		B442F6E228C7DC3800ED8EBA /* AppDelegate.swift */ = {isa = PBXFileReference; lastKnownFileType = sourcecode.swift; path = AppDelegate.swift; sourceTree = "<group>"; };
		B442F6E428C7DC3800ED8EBA /* SceneDelegate.swift */ = {isa = PBXFileReference; lastKnownFileType = sourcecode.swift; path = SceneDelegate.swift; sourceTree = "<group>"; };
		B442F6EB28C7DC3B00ED8EBA /* Assets.xcassets */ = {isa = PBXFileReference; lastKnownFileType = folder.assetcatalog; path = Assets.xcassets; sourceTree = "<group>"; };
		B442F6EE28C7DC3B00ED8EBA /* Base */ = {isa = PBXFileReference; lastKnownFileType = file.storyboard; name = Base; path = Base.lproj/LaunchScreen.storyboard; sourceTree = "<group>"; };
		B442F6F028C7DC3B00ED8EBA /* Info.plist */ = {isa = PBXFileReference; lastKnownFileType = text.plist.xml; path = Info.plist; sourceTree = "<group>"; };
		B442F6F528C7DC3B00ED8EBA /* Integrador-iOSTests.xctest */ = {isa = PBXFileReference; explicitFileType = wrapper.cfbundle; includeInIndex = 0; path = "Integrador-iOSTests.xctest"; sourceTree = BUILT_PRODUCTS_DIR; };
		B442F6F928C7DC3B00ED8EBA /* Integrador_iOSTests.swift */ = {isa = PBXFileReference; lastKnownFileType = sourcecode.swift; path = Integrador_iOSTests.swift; sourceTree = "<group>"; };
		B442F6FF28C7DC3B00ED8EBA /* Integrador-iOSUITests.xctest */ = {isa = PBXFileReference; explicitFileType = wrapper.cfbundle; includeInIndex = 0; path = "Integrador-iOSUITests.xctest"; sourceTree = BUILT_PRODUCTS_DIR; };
		B442F70328C7DC3B00ED8EBA /* Integrador_iOSUITests.swift */ = {isa = PBXFileReference; lastKnownFileType = sourcecode.swift; path = Integrador_iOSUITests.swift; sourceTree = "<group>"; };
		B442F70528C7DC3B00ED8EBA /* Integrador_iOSUITestsLaunchTests.swift */ = {isa = PBXFileReference; lastKnownFileType = sourcecode.swift; path = Integrador_iOSUITestsLaunchTests.swift; sourceTree = "<group>"; };
		B44D338028CA9615008B1644 /* ActivityViewController.swift */ = {isa = PBXFileReference; lastKnownFileType = sourcecode.swift; path = ActivityViewController.swift; sourceTree = "<group>"; };
		B44D338228CA9630008B1644 /* ActivityCellView.swift */ = {isa = PBXFileReference; lastKnownFileType = sourcecode.swift; path = ActivityCellView.swift; sourceTree = "<group>"; };
		B44D338428CA964D008B1644 /* Activity.swift */ = {isa = PBXFileReference; lastKnownFileType = sourcecode.swift; path = Activity.swift; sourceTree = "<group>"; };
		CC047ED628C81689006EFB94 /* SuggestionViewController.swift */ = {isa = PBXFileReference; lastKnownFileType = sourcecode.swift; path = SuggestionViewController.swift; sourceTree = "<group>"; };
		CC047ED828C816A4006EFB94 /* SuggestionView.swift */ = {isa = PBXFileReference; lastKnownFileType = sourcecode.swift; name = SuggestionView.swift; path = "Integrador-iOS/Modules/Suggestion/SuggestionView.swift"; sourceTree = SOURCE_ROOT; };
		CCDD907728CA7A08001492CA /* TermsViewController.swift */ = {isa = PBXFileReference; lastKnownFileType = sourcecode.swift; path = TermsViewController.swift; sourceTree = "<group>"; };
/* End PBXFileReference section */

/* Begin PBXFrameworksBuildPhase section */
		B442F6DC28C7DC3800ED8EBA /* Frameworks */ = {
			isa = PBXFrameworksBuildPhase;
			buildActionMask = 2147483647;
			files = (
			);
			runOnlyForDeploymentPostprocessing = 0;
		};
		B442F6F228C7DC3B00ED8EBA /* Frameworks */ = {
			isa = PBXFrameworksBuildPhase;
			buildActionMask = 2147483647;
			files = (
			);
			runOnlyForDeploymentPostprocessing = 0;
		};
		B442F6FC28C7DC3B00ED8EBA /* Frameworks */ = {
			isa = PBXFrameworksBuildPhase;
			buildActionMask = 2147483647;
			files = (
			);
			runOnlyForDeploymentPostprocessing = 0;
		};
/* End PBXFrameworksBuildPhase section */

/* Begin PBXGroup section */
		67D25F5728C84A9B00F24E27 /* ScreenStart */ = {
			isa = PBXGroup;
			children = (
				67D25F5828C84AF300F24E27 /* HomeViewController.swift */,
			);
			path = ScreenStart;
			sourceTree = "<group>";
		};
		B442F6D628C7DC3800ED8EBA = {
			isa = PBXGroup;
			children = (
				B442F6E128C7DC3800ED8EBA /* Integrador-iOS */,
				B442F6F828C7DC3B00ED8EBA /* Integrador-iOSTests */,
				B442F70228C7DC3B00ED8EBA /* Integrador-iOSUITests */,
				B442F6E028C7DC3800ED8EBA /* Products */,
			);
			sourceTree = "<group>";
		};
		B442F6E028C7DC3800ED8EBA /* Products */ = {
			isa = PBXGroup;
			children = (
				B442F6DF28C7DC3800ED8EBA /* Integrador-iOS.app */,
				B442F6F528C7DC3B00ED8EBA /* Integrador-iOSTests.xctest */,
				B442F6FF28C7DC3B00ED8EBA /* Integrador-iOSUITests.xctest */,
			);
			name = Products;
			sourceTree = "<group>";
		};
		B442F6E128C7DC3800ED8EBA /* Integrador-iOS */ = {
			isa = PBXGroup;
			children = (
				B44D338E28CAA00F008B1644 /* Models */,
				B44D338628CA9D45008B1644 /* Networking */,
				CCDD907428CA796F001492CA /* Modules */,
				B442F6E228C7DC3800ED8EBA /* AppDelegate.swift */,
				B442F6E428C7DC3800ED8EBA /* SceneDelegate.swift */,
				B442F6EB28C7DC3B00ED8EBA /* Assets.xcassets */,
				B442F6ED28C7DC3B00ED8EBA /* LaunchScreen.storyboard */,
				B442F6F028C7DC3B00ED8EBA /* Info.plist */,
			);
			path = "Integrador-iOS";
			sourceTree = "<group>";
		};
		B442F6F828C7DC3B00ED8EBA /* Integrador-iOSTests */ = {
			isa = PBXGroup;
			children = (
				B442F6F928C7DC3B00ED8EBA /* Integrador_iOSTests.swift */,
			);
			path = "Integrador-iOSTests";
			sourceTree = "<group>";
		};
		B442F70228C7DC3B00ED8EBA /* Integrador-iOSUITests */ = {
			isa = PBXGroup;
			children = (
				B442F70328C7DC3B00ED8EBA /* Integrador_iOSUITests.swift */,
				B442F70528C7DC3B00ED8EBA /* Integrador_iOSUITestsLaunchTests.swift */,
			);
			path = "Integrador-iOSUITests";
			sourceTree = "<group>";
		};
		B44D337F28CA95E5008B1644 /* ListActivities */ = {
			isa = PBXGroup;
			children = (
				B44D338028CA9615008B1644 /* ActivityViewController.swift */,
				B44D338228CA9630008B1644 /* ActivityCellView.swift */,
				B44D338428CA964D008B1644 /* Activity.swift */,
			);
			path = ListActivities;
			sourceTree = "<group>";
		};
		B44D338628CA9D45008B1644 /* Networking */ = {
			isa = PBXGroup;
			children = (
				6705DFE728CAD5240072DE94 /* TaskManager.swift */,
			);
			path = Networking;
			sourceTree = "<group>";
		};
		B44D338E28CAA00F008B1644 /* Models */ = {
			isa = PBXGroup;
			children = (
				6705DFEB28CAD82E0072DE94 /* ActivityData.swift */,
			);
			path = Models;
			sourceTree = "<group>";
		};
		CCDD907428CA796F001492CA /* Modules */ = {
			isa = PBXGroup;
			children = (
				67D25F5728C84A9B00F24E27 /* ScreenStart */,
				CCDD907628CA79F1001492CA /* Terms */,
				B44D337F28CA95E5008B1644 /* ListActivities */,
				CCDD907528CA7992001492CA /* Suggestion */,
			);
			path = Modules;
			sourceTree = "<group>";
		};
		CCDD907528CA7992001492CA /* Suggestion */ = {
			isa = PBXGroup;
			children = (
				CC047ED628C81689006EFB94 /* SuggestionViewController.swift */,
				CC047ED828C816A4006EFB94 /* SuggestionView.swift */,
			);
			path = Suggestion;
			sourceTree = "<group>";
		};
		CCDD907628CA79F1001492CA /* Terms */ = {
			isa = PBXGroup;
			children = (
				CCDD907728CA7A08001492CA /* TermsViewController.swift */,
			);
			path = Terms;
			sourceTree = "<group>";
		};
/* End PBXGroup section */

/* Begin PBXNativeTarget section */
		B442F6DE28C7DC3800ED8EBA /* Integrador-iOS */ = {
			isa = PBXNativeTarget;
			buildConfigurationList = B442F70928C7DC3B00ED8EBA /* Build configuration list for PBXNativeTarget "Integrador-iOS" */;
			buildPhases = (
				B442F6DB28C7DC3800ED8EBA /* Sources */,
				B442F6DC28C7DC3800ED8EBA /* Frameworks */,
				B442F6DD28C7DC3800ED8EBA /* Resources */,
			);
			buildRules = (
			);
			dependencies = (
			);
			name = "Integrador-iOS";
			packageProductDependencies = (
			);
			productName = "Integrador-iOS";
			productReference = B442F6DF28C7DC3800ED8EBA /* Integrador-iOS.app */;
			productType = "com.apple.product-type.application";
		};
		B442F6F428C7DC3B00ED8EBA /* Integrador-iOSTests */ = {
			isa = PBXNativeTarget;
			buildConfigurationList = B442F70C28C7DC3B00ED8EBA /* Build configuration list for PBXNativeTarget "Integrador-iOSTests" */;
			buildPhases = (
				B442F6F128C7DC3B00ED8EBA /* Sources */,
				B442F6F228C7DC3B00ED8EBA /* Frameworks */,
				B442F6F328C7DC3B00ED8EBA /* Resources */,
			);
			buildRules = (
			);
			dependencies = (
				B442F6F728C7DC3B00ED8EBA /* PBXTargetDependency */,
			);
			name = "Integrador-iOSTests";
			productName = "Integrador-iOSTests";
			productReference = B442F6F528C7DC3B00ED8EBA /* Integrador-iOSTests.xctest */;
			productType = "com.apple.product-type.bundle.unit-test";
		};
		B442F6FE28C7DC3B00ED8EBA /* Integrador-iOSUITests */ = {
			isa = PBXNativeTarget;
			buildConfigurationList = B442F70F28C7DC3B00ED8EBA /* Build configuration list for PBXNativeTarget "Integrador-iOSUITests" */;
			buildPhases = (
				B442F6FB28C7DC3B00ED8EBA /* Sources */,
				B442F6FC28C7DC3B00ED8EBA /* Frameworks */,
				B442F6FD28C7DC3B00ED8EBA /* Resources */,
			);
			buildRules = (
			);
			dependencies = (
				B442F70128C7DC3B00ED8EBA /* PBXTargetDependency */,
			);
			name = "Integrador-iOSUITests";
			productName = "Integrador-iOSUITests";
			productReference = B442F6FF28C7DC3B00ED8EBA /* Integrador-iOSUITests.xctest */;
			productType = "com.apple.product-type.bundle.ui-testing";
		};
/* End PBXNativeTarget section */

/* Begin PBXProject section */
		B442F6D728C7DC3800ED8EBA /* Project object */ = {
			isa = PBXProject;
			attributes = {
				BuildIndependentTargetsInParallel = 1;
				LastSwiftUpdateCheck = 1340;
				LastUpgradeCheck = 1340;
				TargetAttributes = {
					B442F6DE28C7DC3800ED8EBA = {
						CreatedOnToolsVersion = 13.4.1;
					};
					B442F6F428C7DC3B00ED8EBA = {
						CreatedOnToolsVersion = 13.4.1;
						TestTargetID = B442F6DE28C7DC3800ED8EBA;
					};
					B442F6FE28C7DC3B00ED8EBA = {
						CreatedOnToolsVersion = 13.4.1;
						TestTargetID = B442F6DE28C7DC3800ED8EBA;
					};
				};
			};
			buildConfigurationList = B442F6DA28C7DC3800ED8EBA /* Build configuration list for PBXProject "Integrador-iOS" */;
			compatibilityVersion = "Xcode 13.0";
			developmentRegion = en;
			hasScannedForEncodings = 0;
			knownRegions = (
				en,
				Base,
			);
			mainGroup = B442F6D628C7DC3800ED8EBA;
			packageReferences = (
			);
			productRefGroup = B442F6E028C7DC3800ED8EBA /* Products */;
			projectDirPath = "";
			projectRoot = "";
			targets = (
				B442F6DE28C7DC3800ED8EBA /* Integrador-iOS */,
				B442F6F428C7DC3B00ED8EBA /* Integrador-iOSTests */,
				B442F6FE28C7DC3B00ED8EBA /* Integrador-iOSUITests */,
			);
		};
/* End PBXProject section */

/* Begin PBXResourcesBuildPhase section */
		B442F6DD28C7DC3800ED8EBA /* Resources */ = {
			isa = PBXResourcesBuildPhase;
			buildActionMask = 2147483647;
			files = (
				B442F6EF28C7DC3B00ED8EBA /* LaunchScreen.storyboard in Resources */,
				B442F6EC28C7DC3B00ED8EBA /* Assets.xcassets in Resources */,
			);
			runOnlyForDeploymentPostprocessing = 0;
		};
		B442F6F328C7DC3B00ED8EBA /* Resources */ = {
			isa = PBXResourcesBuildPhase;
			buildActionMask = 2147483647;
			files = (
			);
			runOnlyForDeploymentPostprocessing = 0;
		};
		B442F6FD28C7DC3B00ED8EBA /* Resources */ = {
			isa = PBXResourcesBuildPhase;
			buildActionMask = 2147483647;
			files = (
			);
			runOnlyForDeploymentPostprocessing = 0;
		};
/* End PBXResourcesBuildPhase section */

/* Begin PBXSourcesBuildPhase section */
		B442F6DB28C7DC3800ED8EBA /* Sources */ = {
			isa = PBXSourcesBuildPhase;
			buildActionMask = 2147483647;
			files = (
				B44D338528CA964D008B1644 /* Activity.swift in Sources */,
				B44D338328CA9630008B1644 /* ActivityCellView.swift in Sources */,
				CC047ED928C816A4006EFB94 /* SuggestionView.swift in Sources */,
				6705DFEC28CAD82E0072DE94 /* ActivityData.swift in Sources */,
				CC047ED728C8168A006EFB94 /* SuggestionViewController.swift in Sources */,
				B442F6E328C7DC3800ED8EBA /* AppDelegate.swift in Sources */,
				B442F6E528C7DC3800ED8EBA /* SceneDelegate.swift in Sources */,
				B44D338128CA9615008B1644 /* ActivityViewController.swift in Sources */,
				CCDD907828CA7A08001492CA /* TermsViewController.swift in Sources */,
				6705DFE828CAD5240072DE94 /* TaskManager.swift in Sources */,
				67D25F5928C84AF300F24E27 /* HomeViewController.swift in Sources */,
			);
			runOnlyForDeploymentPostprocessing = 0;
		};
		B442F6F128C7DC3B00ED8EBA /* Sources */ = {
			isa = PBXSourcesBuildPhase;
			buildActionMask = 2147483647;
			files = (
				B442F6FA28C7DC3B00ED8EBA /* Integrador_iOSTests.swift in Sources */,
			);
			runOnlyForDeploymentPostprocessing = 0;
		};
		B442F6FB28C7DC3B00ED8EBA /* Sources */ = {
			isa = PBXSourcesBuildPhase;
			buildActionMask = 2147483647;
			files = (
				B442F70428C7DC3B00ED8EBA /* Integrador_iOSUITests.swift in Sources */,
				B442F70628C7DC3B00ED8EBA /* Integrador_iOSUITestsLaunchTests.swift in Sources */,
			);
			runOnlyForDeploymentPostprocessing = 0;
		};
/* End PBXSourcesBuildPhase section */

/* Begin PBXTargetDependency section */
		B442F6F728C7DC3B00ED8EBA /* PBXTargetDependency */ = {
			isa = PBXTargetDependency;
			target = B442F6DE28C7DC3800ED8EBA /* Integrador-iOS */;
			targetProxy = B442F6F628C7DC3B00ED8EBA /* PBXContainerItemProxy */;
		};
		B442F70128C7DC3B00ED8EBA /* PBXTargetDependency */ = {
			isa = PBXTargetDependency;
			target = B442F6DE28C7DC3800ED8EBA /* Integrador-iOS */;
			targetProxy = B442F70028C7DC3B00ED8EBA /* PBXContainerItemProxy */;
		};
/* End PBXTargetDependency section */

/* Begin PBXVariantGroup section */
		B442F6ED28C7DC3B00ED8EBA /* LaunchScreen.storyboard */ = {
			isa = PBXVariantGroup;
			children = (
				B442F6EE28C7DC3B00ED8EBA /* Base */,
			);
			name = LaunchScreen.storyboard;
			sourceTree = "<group>";
		};
/* End PBXVariantGroup section */

/* Begin XCBuildConfiguration section */
		B442F70728C7DC3B00ED8EBA /* Debug */ = {
			isa = XCBuildConfiguration;
			buildSettings = {
				ALWAYS_SEARCH_USER_PATHS = NO;
				CLANG_ANALYZER_NONNULL = YES;
				CLANG_ANALYZER_NUMBER_OBJECT_CONVERSION = YES_AGGRESSIVE;
				CLANG_CXX_LANGUAGE_STANDARD = "gnu++17";
				CLANG_ENABLE_MODULES = YES;
				CLANG_ENABLE_OBJC_ARC = YES;
				CLANG_ENABLE_OBJC_WEAK = YES;
				CLANG_WARN_BLOCK_CAPTURE_AUTORELEASING = YES;
				CLANG_WARN_BOOL_CONVERSION = YES;
				CLANG_WARN_COMMA = YES;
				CLANG_WARN_CONSTANT_CONVERSION = YES;
				CLANG_WARN_DEPRECATED_OBJC_IMPLEMENTATIONS = YES;
				CLANG_WARN_DIRECT_OBJC_ISA_USAGE = YES_ERROR;
				CLANG_WARN_DOCUMENTATION_COMMENTS = YES;
				CLANG_WARN_EMPTY_BODY = YES;
				CLANG_WARN_ENUM_CONVERSION = YES;
				CLANG_WARN_INFINITE_RECURSION = YES;
				CLANG_WARN_INT_CONVERSION = YES;
				CLANG_WARN_NON_LITERAL_NULL_CONVERSION = YES;
				CLANG_WARN_OBJC_IMPLICIT_RETAIN_SELF = YES;
				CLANG_WARN_OBJC_LITERAL_CONVERSION = YES;
				CLANG_WARN_OBJC_ROOT_CLASS = YES_ERROR;
				CLANG_WARN_QUOTED_INCLUDE_IN_FRAMEWORK_HEADER = YES;
				CLANG_WARN_RANGE_LOOP_ANALYSIS = YES;
				CLANG_WARN_STRICT_PROTOTYPES = YES;
				CLANG_WARN_SUSPICIOUS_MOVE = YES;
				CLANG_WARN_UNGUARDED_AVAILABILITY = YES_AGGRESSIVE;
				CLANG_WARN_UNREACHABLE_CODE = YES;
				CLANG_WARN__DUPLICATE_METHOD_MATCH = YES;
				COPY_PHASE_STRIP = NO;
				DEBUG_INFORMATION_FORMAT = dwarf;
				ENABLE_STRICT_OBJC_MSGSEND = YES;
				ENABLE_TESTABILITY = YES;
				GCC_C_LANGUAGE_STANDARD = gnu11;
				GCC_DYNAMIC_NO_PIC = NO;
				GCC_NO_COMMON_BLOCKS = YES;
				GCC_OPTIMIZATION_LEVEL = 0;
				GCC_PREPROCESSOR_DEFINITIONS = (
					"DEBUG=1",
					"$(inherited)",
				);
				GCC_WARN_64_TO_32_BIT_CONVERSION = YES;
				GCC_WARN_ABOUT_RETURN_TYPE = YES_ERROR;
				GCC_WARN_UNDECLARED_SELECTOR = YES;
				GCC_WARN_UNINITIALIZED_AUTOS = YES_AGGRESSIVE;
				GCC_WARN_UNUSED_FUNCTION = YES;
				GCC_WARN_UNUSED_VARIABLE = YES;
				IPHONEOS_DEPLOYMENT_TARGET = 15.5;
				MTL_ENABLE_DEBUG_INFO = INCLUDE_SOURCE;
				MTL_FAST_MATH = YES;
				ONLY_ACTIVE_ARCH = YES;
				SDKROOT = iphoneos;
				SWIFT_ACTIVE_COMPILATION_CONDITIONS = DEBUG;
				SWIFT_OPTIMIZATION_LEVEL = "-Onone";
			};
			name = Debug;
		};
		B442F70828C7DC3B00ED8EBA /* Release */ = {
			isa = XCBuildConfiguration;
			buildSettings = {
				ALWAYS_SEARCH_USER_PATHS = NO;
				CLANG_ANALYZER_NONNULL = YES;
				CLANG_ANALYZER_NUMBER_OBJECT_CONVERSION = YES_AGGRESSIVE;
				CLANG_CXX_LANGUAGE_STANDARD = "gnu++17";
				CLANG_ENABLE_MODULES = YES;
				CLANG_ENABLE_OBJC_ARC = YES;
				CLANG_ENABLE_OBJC_WEAK = YES;
				CLANG_WARN_BLOCK_CAPTURE_AUTORELEASING = YES;
				CLANG_WARN_BOOL_CONVERSION = YES;
				CLANG_WARN_COMMA = YES;
				CLANG_WARN_CONSTANT_CONVERSION = YES;
				CLANG_WARN_DEPRECATED_OBJC_IMPLEMENTATIONS = YES;
				CLANG_WARN_DIRECT_OBJC_ISA_USAGE = YES_ERROR;
				CLANG_WARN_DOCUMENTATION_COMMENTS = YES;
				CLANG_WARN_EMPTY_BODY = YES;
				CLANG_WARN_ENUM_CONVERSION = YES;
				CLANG_WARN_INFINITE_RECURSION = YES;
				CLANG_WARN_INT_CONVERSION = YES;
				CLANG_WARN_NON_LITERAL_NULL_CONVERSION = YES;
				CLANG_WARN_OBJC_IMPLICIT_RETAIN_SELF = YES;
				CLANG_WARN_OBJC_LITERAL_CONVERSION = YES;
				CLANG_WARN_OBJC_ROOT_CLASS = YES_ERROR;
				CLANG_WARN_QUOTED_INCLUDE_IN_FRAMEWORK_HEADER = YES;
				CLANG_WARN_RANGE_LOOP_ANALYSIS = YES;
				CLANG_WARN_STRICT_PROTOTYPES = YES;
				CLANG_WARN_SUSPICIOUS_MOVE = YES;
				CLANG_WARN_UNGUARDED_AVAILABILITY = YES_AGGRESSIVE;
				CLANG_WARN_UNREACHABLE_CODE = YES;
				CLANG_WARN__DUPLICATE_METHOD_MATCH = YES;
				COPY_PHASE_STRIP = NO;
				DEBUG_INFORMATION_FORMAT = "dwarf-with-dsym";
				ENABLE_NS_ASSERTIONS = NO;
				ENABLE_STRICT_OBJC_MSGSEND = YES;
				GCC_C_LANGUAGE_STANDARD = gnu11;
				GCC_NO_COMMON_BLOCKS = YES;
				GCC_WARN_64_TO_32_BIT_CONVERSION = YES;
				GCC_WARN_ABOUT_RETURN_TYPE = YES_ERROR;
				GCC_WARN_UNDECLARED_SELECTOR = YES;
				GCC_WARN_UNINITIALIZED_AUTOS = YES_AGGRESSIVE;
				GCC_WARN_UNUSED_FUNCTION = YES;
				GCC_WARN_UNUSED_VARIABLE = YES;
				IPHONEOS_DEPLOYMENT_TARGET = 15.5;
				MTL_ENABLE_DEBUG_INFO = NO;
				MTL_FAST_MATH = YES;
				SDKROOT = iphoneos;
				SWIFT_COMPILATION_MODE = wholemodule;
				SWIFT_OPTIMIZATION_LEVEL = "-O";
				VALIDATE_PRODUCT = YES;
			};
			name = Release;
		};
		B442F70A28C7DC3B00ED8EBA /* Debug */ = {
			isa = XCBuildConfiguration;
			buildSettings = {
				ASSETCATALOG_COMPILER_APPICON_NAME = AppIcon;
				ASSETCATALOG_COMPILER_GLOBAL_ACCENT_COLOR_NAME = AccentColor;
				CODE_SIGN_IDENTITY = "Apple Development";
				CODE_SIGN_STYLE = Automatic;
				CURRENT_PROJECT_VERSION = 1;
				DEVELOPMENT_TEAM = "";
				GENERATE_INFOPLIST_FILE = YES;
				INFOPLIST_FILE = "Integrador-iOS/Info.plist";
				INFOPLIST_KEY_UIApplicationSupportsIndirectInputEvents = YES;
				INFOPLIST_KEY_UILaunchStoryboardName = LaunchScreen;
				INFOPLIST_KEY_UIMainStoryboardFile = LaunchScreen;
				INFOPLIST_KEY_UISupportedInterfaceOrientations_iPad = "UIInterfaceOrientationPortrait UIInterfaceOrientationPortraitUpsideDown UIInterfaceOrientationLandscapeLeft UIInterfaceOrientationLandscapeRight";
				INFOPLIST_KEY_UISupportedInterfaceOrientations_iPhone = "UIInterfaceOrientationPortrait UIInterfaceOrientationLandscapeLeft UIInterfaceOrientationLandscapeRight";
				LD_RUNPATH_SEARCH_PATHS = (
					"$(inherited)",
					"@executable_path/Frameworks",
				);
				MARKETING_VERSION = 1.0;
				PRODUCT_BUNDLE_IDENTIFIER = "team.Integrador-iOS";
				PRODUCT_NAME = "$(TARGET_NAME)";
				PROVISIONING_PROFILE_SPECIFIER = "";
				SWIFT_EMIT_LOC_STRINGS = YES;
				SWIFT_VERSION = 5.0;
				TARGETED_DEVICE_FAMILY = 1;
			};
			name = Debug;
		};
		B442F70B28C7DC3B00ED8EBA /* Release */ = {
			isa = XCBuildConfiguration;
			buildSettings = {
				ASSETCATALOG_COMPILER_APPICON_NAME = AppIcon;
				ASSETCATALOG_COMPILER_GLOBAL_ACCENT_COLOR_NAME = AccentColor;
				CODE_SIGN_IDENTITY = "Apple Development";
				CODE_SIGN_STYLE = Automatic;
				CURRENT_PROJECT_VERSION = 1;
				DEVELOPMENT_TEAM = "";
				GENERATE_INFOPLIST_FILE = YES;
				INFOPLIST_FILE = "Integrador-iOS/Info.plist";
				INFOPLIST_KEY_UIApplicationSupportsIndirectInputEvents = YES;
				INFOPLIST_KEY_UILaunchStoryboardName = LaunchScreen;
				INFOPLIST_KEY_UIMainStoryboardFile = LaunchScreen;
				INFOPLIST_KEY_UISupportedInterfaceOrientations_iPad = "UIInterfaceOrientationPortrait UIInterfaceOrientationPortraitUpsideDown UIInterfaceOrientationLandscapeLeft UIInterfaceOrientationLandscapeRight";
				INFOPLIST_KEY_UISupportedInterfaceOrientations_iPhone = "UIInterfaceOrientationPortrait UIInterfaceOrientationLandscapeLeft UIInterfaceOrientationLandscapeRight";
				LD_RUNPATH_SEARCH_PATHS = (
					"$(inherited)",
					"@executable_path/Frameworks",
				);
				MARKETING_VERSION = 1.0;
				PRODUCT_BUNDLE_IDENTIFIER = "team.Integrador-iOS";
				PRODUCT_NAME = "$(TARGET_NAME)";
				PROVISIONING_PROFILE_SPECIFIER = "";
				SWIFT_EMIT_LOC_STRINGS = YES;
				SWIFT_VERSION = 5.0;
				TARGETED_DEVICE_FAMILY = 1;
			};
			name = Release;
		};
		B442F70D28C7DC3B00ED8EBA /* Debug */ = {
			isa = XCBuildConfiguration;
			buildSettings = {
				ALWAYS_EMBED_SWIFT_STANDARD_LIBRARIES = YES;
				BUNDLE_LOADER = "$(TEST_HOST)";
				CODE_SIGN_STYLE = Automatic;
				CURRENT_PROJECT_VERSION = 1;
				GENERATE_INFOPLIST_FILE = YES;
				IPHONEOS_DEPLOYMENT_TARGET = 15.5;
				MARKETING_VERSION = 1.0;
				PRODUCT_BUNDLE_IDENTIFIER = "team.Integrador-iOSTests";
				PRODUCT_NAME = "$(TARGET_NAME)";
				SWIFT_EMIT_LOC_STRINGS = NO;
				SWIFT_VERSION = 5.0;
				TARGETED_DEVICE_FAMILY = "1,2";
				TEST_HOST = "$(BUILT_PRODUCTS_DIR)/Integrador-iOS.app/Integrador-iOS";
			};
			name = Debug;
		};
		B442F70E28C7DC3B00ED8EBA /* Release */ = {
			isa = XCBuildConfiguration;
			buildSettings = {
				ALWAYS_EMBED_SWIFT_STANDARD_LIBRARIES = YES;
				BUNDLE_LOADER = "$(TEST_HOST)";
				CODE_SIGN_STYLE = Automatic;
				CURRENT_PROJECT_VERSION = 1;
				GENERATE_INFOPLIST_FILE = YES;
				IPHONEOS_DEPLOYMENT_TARGET = 15.5;
				MARKETING_VERSION = 1.0;
				PRODUCT_BUNDLE_IDENTIFIER = "team.Integrador-iOSTests";
				PRODUCT_NAME = "$(TARGET_NAME)";
				SWIFT_EMIT_LOC_STRINGS = NO;
				SWIFT_VERSION = 5.0;
				TARGETED_DEVICE_FAMILY = "1,2";
				TEST_HOST = "$(BUILT_PRODUCTS_DIR)/Integrador-iOS.app/Integrador-iOS";
			};
			name = Release;
		};
		B442F71028C7DC3B00ED8EBA /* Debug */ = {
			isa = XCBuildConfiguration;
			buildSettings = {
				ALWAYS_EMBED_SWIFT_STANDARD_LIBRARIES = YES;
				CODE_SIGN_STYLE = Automatic;
				CURRENT_PROJECT_VERSION = 1;
				GENERATE_INFOPLIST_FILE = YES;
				MARKETING_VERSION = 1.0;
				PRODUCT_BUNDLE_IDENTIFIER = "team.Integrador-iOSUITests";
				PRODUCT_NAME = "$(TARGET_NAME)";
				SWIFT_EMIT_LOC_STRINGS = NO;
				SWIFT_VERSION = 5.0;
				TARGETED_DEVICE_FAMILY = "1,2";
				TEST_TARGET_NAME = "Integrador-iOS";
			};
			name = Debug;
		};
		B442F71128C7DC3B00ED8EBA /* Release */ = {
			isa = XCBuildConfiguration;
			buildSettings = {
				ALWAYS_EMBED_SWIFT_STANDARD_LIBRARIES = YES;
				CODE_SIGN_STYLE = Automatic;
				CURRENT_PROJECT_VERSION = 1;
				GENERATE_INFOPLIST_FILE = YES;
				MARKETING_VERSION = 1.0;
				PRODUCT_BUNDLE_IDENTIFIER = "team.Integrador-iOSUITests";
				PRODUCT_NAME = "$(TARGET_NAME)";
				SWIFT_EMIT_LOC_STRINGS = NO;
				SWIFT_VERSION = 5.0;
				TARGETED_DEVICE_FAMILY = "1,2";
				TEST_TARGET_NAME = "Integrador-iOS";
			};
			name = Release;
		};
/* End XCBuildConfiguration section */

/* Begin XCConfigurationList section */
		B442F6DA28C7DC3800ED8EBA /* Build configuration list for PBXProject "Integrador-iOS" */ = {
			isa = XCConfigurationList;
			buildConfigurations = (
				B442F70728C7DC3B00ED8EBA /* Debug */,
				B442F70828C7DC3B00ED8EBA /* Release */,
			);
			defaultConfigurationIsVisible = 0;
			defaultConfigurationName = Release;
		};
		B442F70928C7DC3B00ED8EBA /* Build configuration list for PBXNativeTarget "Integrador-iOS" */ = {
			isa = XCConfigurationList;
			buildConfigurations = (
				B442F70A28C7DC3B00ED8EBA /* Debug */,
				B442F70B28C7DC3B00ED8EBA /* Release */,
			);
			defaultConfigurationIsVisible = 0;
			defaultConfigurationName = Release;
		};
		B442F70C28C7DC3B00ED8EBA /* Build configuration list for PBXNativeTarget "Integrador-iOSTests" */ = {
			isa = XCConfigurationList;
			buildConfigurations = (
				B442F70D28C7DC3B00ED8EBA /* Debug */,
				B442F70E28C7DC3B00ED8EBA /* Release */,
			);
			defaultConfigurationIsVisible = 0;
			defaultConfigurationName = Release;
		};
		B442F70F28C7DC3B00ED8EBA /* Build configuration list for PBXNativeTarget "Integrador-iOSUITests" */ = {
			isa = XCConfigurationList;
			buildConfigurations = (
				B442F71028C7DC3B00ED8EBA /* Debug */,
				B442F71128C7DC3B00ED8EBA /* Release */,
			);
			defaultConfigurationIsVisible = 0;
			defaultConfigurationName = Release;
		};
/* End XCConfigurationList section */
	};
	rootObject = B442F6D728C7DC3800ED8EBA /* Project object */;
}
